
Microsoft Visual Studio Solution File, Format Version 12.00
# Visual Studio 15
VisualStudioVersion = 15.0.33801.198
MinimumVisualStudioVersion = 10.0.40219.1
Project("{8BC9CEB8-8B4A-11D0-8D11-00A0C91BC942}") = "FinalProject", "FinalProject\FinalProject.vcxproj", "{AEC3AB95-09B8-4560-BF5D-EAA1262F022A}"
EndProject
Global
	GlobalSection(SolutionConfigurationPlatforms) = preSolution
		Debug|x64 = Debug|x64
		Debug|x86 = Debug|x86
		Release|x64 = Release|x64
		Release|x86 = Release|x86
	EndGlobalSection
	GlobalSection(ProjectConfigurationPlatforms) = postSolution
		{AEC3AB95-09B8-4560-BF5D-EAA1262F022A}.Debug|x64.ActiveCfg = Debug|x64
		{AEC3AB95-09B8-4560-BF5D-EAA1262F022A}.Debug|x64.Build.0 = Debug|x64
		{AEC3AB95-09B8-4560-BF5D-EAA1262F022A}.Debug|x86.ActiveCfg = Debug|Win32
		{AEC3AB95-09B8-4560-BF5D-EAA1262F022A}.Debug|x86.Build.0 = Debug|Win32
		{AEC3AB95-09B8-4560-BF5D-EAA1262F022A}.Release|x64.ActiveCfg = Release|x64
		{AEC3AB95-09B8-4560-BF5D-EAA1262F022A}.Release|x64.Build.0 = Release|x64
		{AEC3AB95-09B8-4560-BF5D-EAA1262F022A}.Release|x86.ActiveCfg = Release|Win32
		{AEC3AB95-09B8-4560-BF5D-EAA1262F022A}.Release|x86.Build.0 = Release|Win32
	EndGlobalSection
	GlobalSection(SolutionProperties) = preSolution
		HideSolutionNode = FALSE
	EndGlobalSection
	GlobalSection(ExtensibilityGlobals) = postSolution
		SolutionGuid = {F8B342AF-F74B-4284-AEE5-CF9B117E9D60}
	EndGlobalSection
EndGlobal
